
Microsoft Visual Studio Solution File, Format Version 12.00
# Visual Studio 15
VisualStudioVersion = 15.0.27428.2015
MinimumVisualStudioVersion = 10.0.40219.1
Project("{2150E333-8FDC-42A3-9474-1A3956D46DE8}") = "src", "src", "{AA8C28AA-6316-4309-B47E-A8278345B842}"
	ProjectSection(SolutionItems) = preProject
		Readme.md = Readme.md
	EndProjectSection
EndProject
Project("{2150E333-8FDC-42A3-9474-1A3956D46DE8}") = "IdentityServer.External.TokenExchange", "IdentityServer.External.TokenExchange", "{04C75BAF-94D0-48AE-AEF6-F23CF62D0F7A}"
EndProject
Project("{9A19103F-16F7-4668-BE54-9A1E7A4F7556}") = "IdentityServer.External.TokenExchange", "..\netcore-authentication\src\social-middleware\IdentityServer.External.TokenExchange\IdentityServer.External.TokenExchange.csproj", "{3D01980B-7229-4AFE-956E-C0C2F382FFF8}"
EndProject
Global
	GlobalSection(SolutionConfigurationPlatforms) = preSolution
		Debug|Any CPU = Debug|Any CPU
		Release|Any CPU = Release|Any CPU
	EndGlobalSection
	GlobalSection(ProjectConfigurationPlatforms) = postSolution
		{3D01980B-7229-4AFE-956E-C0C2F382FFF8}.Debug|Any CPU.ActiveCfg = Debug|Any CPU
		{3D01980B-7229-4AFE-956E-C0C2F382FFF8}.Debug|Any CPU.Build.0 = Debug|Any CPU
		{3D01980B-7229-4AFE-956E-C0C2F382FFF8}.Release|Any CPU.ActiveCfg = Release|Any CPU
		{3D01980B-7229-4AFE-956E-C0C2F382FFF8}.Release|Any CPU.Build.0 = Release|Any CPU
	EndGlobalSection
	GlobalSection(SolutionProperties) = preSolution
		HideSolutionNode = FALSE
	EndGlobalSection
	GlobalSection(NestedProjects) = preSolution
		{04C75BAF-94D0-48AE-AEF6-F23CF62D0F7A} = {AA8C28AA-6316-4309-B47E-A8278345B842}
		{3D01980B-7229-4AFE-956E-C0C2F382FFF8} = {04C75BAF-94D0-48AE-AEF6-F23CF62D0F7A}
	EndGlobalSection
	GlobalSection(ExtensibilityGlobals) = postSolution
		SolutionGuid = {4BE3BEA9-605F-4288-A344-3D52241CFC73}
	EndGlobalSection
EndGlobal
